
Microsoft Visual Studio Solution File, Format Version 12.00
# Visual Studio Version 16
VisualStudioVersion = 16.0.28803.352
MinimumVisualStudioVersion = 10.0.40219.1
Project("{FAE04EC0-301F-11D3-BF4B-00C04F79EFBC}") = "LeftAndRightOfValueTreeDemo", "LeftAndRightOfValueTreeDemo\LeftAndRightOfValueTreeDemo.csproj", "{A8F0E36E-2633-4025-B59E-E7747CF1EB2E}"
EndProject
Global
	GlobalSection(SolutionConfigurationPlatforms) = preSolution
		Debug|Any CPU = Debug|Any CPU
		Release|Any CPU = Release|Any CPU
	EndGlobalSection
	GlobalSection(ProjectConfigurationPlatforms) = postSolution
		{A8F0E36E-2633-4025-B59E-E7747CF1EB2E}.Debug|Any CPU.ActiveCfg = Debug|Any CPU
		{A8F0E36E-2633-4025-B59E-E7747CF1EB2E}.Debug|Any CPU.Build.0 = Debug|Any CPU
		{A8F0E36E-2633-4025-B59E-E7747CF1EB2E}.Release|Any CPU.ActiveCfg = Release|Any CPU
		{A8F0E36E-2633-4025-B59E-E7747CF1EB2E}.Release|Any CPU.Build.0 = Release|Any CPU
	EndGlobalSection
	GlobalSection(SolutionProperties) = preSolution
		HideSolutionNode = FALSE
	EndGlobalSection
	GlobalSection(ExtensibilityGlobals) = postSolution
		SolutionGuid = {74F0D7B7-D8B0-4D18-A211-796F51DAA73B}
	EndGlobalSection
EndGlobal
